
Microsoft Visual Studio Solution File, Format Version 10.00
# Visual Studio 2008
Project("{FAE04EC0-301F-11D3-BF4B-00C04F79EFBC}") = "EmailSender", "EmailSender\EmailSender.csproj", "{89C3BBD9-9F44-4376-8D5A-EF85DA4B1D24}"
EndProject
Global
	GlobalSection(SolutionConfigurationPlatforms) = preSolution
		Debug|Any CPU = Debug|Any CPU
		Release|Any CPU = Release|Any CPU
	EndGlobalSection
	GlobalSection(ProjectConfigurationPlatforms) = postSolution
		{89C3BBD9-9F44-4376-8D5A-EF85DA4B1D24}.Debug|Any CPU.ActiveCfg = Debug|Any CPU
		{89C3BBD9-9F44-4376-8D5A-EF85DA4B1D24}.Debug|Any CPU.Build.0 = Debug|Any CPU
		{89C3BBD9-9F44-4376-8D5A-EF85DA4B1D24}.Release|Any CPU.ActiveCfg = Release|Any CPU
		{89C3BBD9-9F44-4376-8D5A-EF85DA4B1D24}.Release|Any CPU.Build.0 = Release|Any CPU
	EndGlobalSection
	GlobalSection(SolutionProperties) = preSolution
		HideSolutionNode = FALSE
	EndGlobalSection
EndGlobal
